<?xml version="1.0" encoding="utf-8"?>
<Project ToolsVersion="4.0" xmlns="http://schemas.microsoft.com/developer/msbuild/2003">
  <ItemGroup>
    <Filter Include="Resource Files">
      <UniqueIdentifier>{67DA6AB6-F800-4c08-8B7A-83BB121AAD01}</UniqueIdentifier>
      <Extensions>qrc;rc;ico;cur;bmp;dlg;rc2;rct;bin;rgs;gif;jpg;jpeg;jpe;resx;tiff;tif;png;wav;mfcribbon-ms</Extensions>
    </Filter>
    <Filter Include="Form Files">
      <UniqueIdentifier>{99349809-55BA-4b9d-BF79-8FDBB0286EB3}</UniqueIdentifier>
      <Extensions>ui</Extensions>
    </Filter>
    <Filter Include="Design">
      <UniqueIdentifier>{684e5f36-a09b-4359-9f0b-4b11d3b3619c}</UniqueIdentifier>
    </Filter>
    <Filter Include="Base">
      <UniqueIdentifier>{2b72f3fc-15c6-4aad-a57c-0fe2d2837516}</UniqueIdentifier>
    </Filter>
    <Filter Include="ActionCommand">
      <UniqueIdentifier>{9066849b-0af6-4946-9b7e-abffc965b085}</UniqueIdentifier>
    </Filter>
    <Filter Include="Form">
      <UniqueIdentifier>{3d5fdce1-25e6-4175-80e4-bdaad2b8d1ee}</UniqueIdentifier>
    </Filter>
    <Filter Include="IO">
      <UniqueIdentifier>{06d2950b-6715-4ea9-be5e-e95b86334ba9}</UniqueIdentifier>
    </Filter>
  </ItemGroup>
  <ItemGroup>
    <QtRcc Include="XCAX.qrc">
      <Filter>Resource Files</Filter>
    </QtRcc>
    <QtRcc Include="Resource.qrc">
      <Filter>Resource Files</Filter>
    </QtRcc>
  </ItemGroup>
  <ItemGroup>
    <ClCompile Include="Design\XDatumCS.cpp">
      <Filter>Design</Filter>
    </ClCompile>
    <ClCompile Include="Design\XDatumLine.cpp">
      <Filter>Design</Filter>
    </ClCompile>
    <ClCompile Include="Design\XDatumPlane.cpp">
      <Filter>Design</Filter>
    </ClCompile>
    <ClCompile Include="Design\XDatumPoint.cpp">
      <Filter>Design</Filter>
    </ClCompile>
    <ClCompile Include="Base\Document.cpp">
      <Filter>Base</Filter>
    </ClCompile>
    <ClCompile Include="Base\DocumentObject.cpp">
      <Filter>Base</Filter>
    </ClCompile>
    <ClCompile Include="Base\App.cpp">
      <Filter>Base</Filter>
    </ClCompile>
    <ClCompile Include="Base\Ptr.cpp">
      <Filter>Base</Filter>
    </ClCompile>
    <ClCompile Include="Base\Command.cpp">
      <Filter>Base</Filter>
    </ClCompile>
    <ClCompile Include="Base\Container.cpp">
      <Filter>Base</Filter>
    </ClCompile>
    <ClCompile Include="Base\Signal.cpp">
      <Filter>Base</Filter>
    </ClCompile>
    <ClCompile Include="ActionCommand\FileCommand.cpp">
      <Filter>ActionCommand</Filter>
    </ClCompile>
    <ClCompile Include="Base\XCAFTools.cpp">
      <Filter>Base</Filter>
    </ClCompile>
    <ClCompile Include="IO\XStepRW.cpp">
      <Filter>IO</Filter>
    </ClCompile>
    <ClCompile Include="IO\XStlRW.cpp">
      <Filter>IO</Filter>
    </ClCompile>
    <ClCompile Include="IO\XRW.cpp">
      <Filter>IO</Filter>
    </ClCompile>
    <ClCompile Include="ActionCommand\FeatureCommand.cpp">
      <Filter>ActionCommand</Filter>
    </ClCompile>
    <ClCompile Include="ActionCommand\ParamModelingCommand.cpp">
      <Filter>ActionCommand</Filter>
    </ClCompile>
    <ClCompile Include="main.cpp" />
    <ClCompile Include="Base\VtkRender.cpp">
      <Filter>Base</Filter>
    </ClCompile>
    <ClCompile Include="Base\TreeNode.cpp">
      <Filter>Base</Filter>
    </ClCompile>
    <ClCompile Include="Form\ModelTreeWidget.cpp">
      <Filter>Form</Filter>
    </ClCompile>
    <ClCompile Include="Form\MainWindow.cpp">
      <Filter>Form</Filter>
    </ClCompile>
    <ClCompile Include="Form\cube_widget.cpp">
      <Filter>Form</Filter>
    </ClCompile>
  </ItemGroup>
  <ItemGroup>
    <ClInclude Include="Design\XDatumCS.h">
      <Filter>Design</Filter>
    </ClInclude>
    <ClInclude Include="Design\XDatumLine.h">
      <Filter>Design</Filter>
    </ClInclude>
    <ClInclude Include="Design\XDatumPlane.h">
      <Filter>Design</Filter>
    </ClInclude>
    <ClInclude Include="Design\XDatumPoint.h">
      <Filter>Design</Filter>
    </ClInclude>
    <ClInclude Include="Base\Document.h">
      <Filter>Base</Filter>
    </ClInclude>
    <ClInclude Include="Base\DocumentObject.h">
      <Filter>Base</Filter>
    </ClInclude>
    <ClInclude Include="Base\App.h">
      <Filter>Base</Filter>
    </ClInclude>
    <ClInclude Include="Base\Ptr.h">
      <Filter>Base</Filter>
    </ClInclude>
    <ClInclude Include="Base\Signal.h">
      <Filter>Base</Filter>
    </ClInclude>
    <ClInclude Include="Base\XCAFTools.h">
      <Filter>Base</Filter>
    </ClInclude>
    <ClInclude Include="IO\XStepRW.h">
      <Filter>IO</Filter>
    </ClInclude>
    <ClInclude Include="IO\XStlRW.h">
      <Filter>IO</Filter>
    </ClInclude>
    <ClInclude Include="IO\XRW.h">
      <Filter>IO</Filter>
    </ClInclude>
    <ClInclude Include="Base\TreeNode.h">
      <Filter>Base</Filter>
    </ClInclude>
    <ClInclude Include="Base\VtkRender.h">
      <Filter>Base</Filter>
    </ClInclude>
    <ClInclude Include="IO\XCafRW.h">
      <Filter>Base</Filter>
    </ClInclude>
    <ClInclude Include="Form\MainWindow.h">
      <Filter>Form</Filter>
    </ClInclude>
  </ItemGroup>
  <ItemGroup>
    <QtMoc Include="Base\Command.h">
      <Filter>Base</Filter>
    </QtMoc>
    <QtMoc Include="Base\Container.h">
      <Filter>Base</Filter>
    </QtMoc>
    <QtMoc Include="ActionCommand\FileCommand.h">
      <Filter>ActionCommand</Filter>
    </QtMoc>
    <QtMoc Include="ActionCommand\FeatureCommand.h">
      <Filter>ActionCommand</Filter>
    </QtMoc>
    <QtMoc Include="ActionCommand\ParamModelingCommand.h">
      <Filter>ActionCommand</Filter>
    </QtMoc>
    <QtMoc Include="Form\cube_widget.h">
      <Filter>Form</Filter>
    </QtMoc>
    <QtMoc Include="Form\ModelTreeWidget.h">
      <Filter>Form</Filter>
    </QtMoc>
  </ItemGroup>
  <ItemGroup>
    <QtUic Include="Form\cube_widget.ui">
      <Filter>Form Files</Filter>
    </QtUic>
    <QtUic Include="Form\MainWindow.ui">
      <Filter>Form Files</Filter>
    </QtUic>
    <QtUic Include="Form\ModelTreeWidget.ui">
      <Filter>Form Files</Filter>
    </QtUic>
  </ItemGroup>
</Project>